PODS:
  - Flutter (1.0.0)
  - integration_test (0.0.1):
    - Flutter
  - overlay_webview (0.0.1):
    - Flutter

DEPENDENCIES:
  - Flutter (from `Flutter`)
  - integration_test (from `.symlinks/plugins/integration_test/ios`)
  - overlay_webview (from `.symlinks/plugins/overlay_webview/ios`)

EXTERNAL SOURCES:
  Flutter:
    :path: Flutter
  integration_test:
    :path: ".symlinks/plugins/integration_test/ios"
  overlay_webview:
    :path: ".symlinks/plugins/overlay_webview/ios"

SPEC CHECKSUMS:
  Flutter: 50d75fe2f02b26cc09d224853bb45737f8b3214a
  integration_test: 7db6d89f336f671dcbc7563ee27a5b08f6f8aee1
  overlay_webview: 3a61fe2ea69cdc0422c3c077232a439331121556

PODFILE CHECKSUM: aafe91acc616949ddb318b77800a7f51bffa2a4c

COCOAPODS: 1.11.2
