PODS:
  - FlutterMacOS (1.0.0)
  - overlay_webview (0.0.1):
    - FlutterMacOS

DEPENDENCIES:
  - FlutterMacOS (from `Flutter/ephemeral`)
  - overlay_webview (from `Flutter/ephemeral/.symlinks/plugins/overlay_webview/macos`)

EXTERNAL SOURCES:
  FlutterMacOS:
    :path: Flutter/ephemeral
  overlay_webview:
    :path: Flutter/ephemeral/.symlinks/plugins/overlay_webview/macos

SPEC CHECKSUMS:
  FlutterMacOS: 8f6f14fa908a6fb3fba0cd85dbd81ec4b251fb24
  overlay_webview: aad5daab40a2e61705665f846ad2c92b5e85c31e

PODFILE CHECKSUM: 353c8bcc5d5b0994e508d035b5431cfe18c1dea7

COCOAPODS: 1.15.2
